// !$*UTF8*$!
{
	archiveVersion = 1;
	classes = {
	};
	objectVersion = 46;
	objects = {

/* Begin PBXBuildFile section */
		90196C401EDC2A8000566D14 /* AppDelegate.swift in Sources */ = {isa = PBXBuildFile; fileRef = 90196C3F1EDC2A8000566D14 /* AppDelegate.swift */; };
		90196C421EDC2A8000566D14 /* ViewController.swift in Sources */ = {isa = PBXBuildFile; fileRef = 90196C411EDC2A8000566D14 /* ViewController.swift */; };
		90196C451EDC2A8000566D14 /* Main.storyboard in Resources */ = {isa = PBXBuildFile; fileRef = 90196C431EDC2A8000566D14 /* Main.storyboard */; };
		90196C471EDC2A8000566D14 /* Assets.xcassets in Resources */ = {isa = PBXBuildFile; fileRef = 90196C461EDC2A8000566D14 /* Assets.xcassets */; };
		90196C4A1EDC2A8000566D14 /* LaunchScreen.storyboard in Resources */ = {isa = PBXBuildFile; fileRef = 90196C481EDC2A8000566D14 /* LaunchScreen.storyboard */; };
/* End PBXBuildFile section */

/* Begin PBXFileReference section */
		90196C3C1EDC2A8000566D14 /* localNotif.app */ = {isa = PBXFileReference; explicitFileType = wrapper.application; includeInIndex = 0; path = localNotif.app; sourceTree = BUILT_PRODUCTS_DIR; };
		90196C3F1EDC2A8000566D14 /* AppDelegate.swift */ = {isa = PBXFileReference; lastKnownFileType = sourcecode.swift; path = AppDelegate.swift; sourceTree = "<group>"; };
		90196C411EDC2A8000566D14 /* ViewController.swift */ = {isa = PBXFileReference; lastKnownFileType = sourcecode.swift; path = ViewController.swift; sourceTree = "<group>"; };
		90196C441EDC2A8000566D14 /* Base */ = {isa = PBXFileReference; lastKnownFileType = file.storyboard; name = Base; path = Base.lproj/Main.storyboard; sourceTree = "<group>"; };
		90196C461EDC2A8000566D14 /* Assets.xcassets */ = {isa = PBXFileReference; lastKnownFileType = folder.assetcatalog; path = Assets.xcassets; sourceTree = "<group>"; };
		90196C491EDC2A8000566D14 /* Base */ = {isa = PBXFileReference; lastKnownFileType = file.storyboard; name = Base; path = Base.lproj/LaunchScreen.storyboard; sourceTree = "<group>"; };
		90196C4B1EDC2A8000566D14 /* Info.plist */ = {isa = PBXFileReference; lastKnownFileType = text.plist.xml; path = Info.plist; sourceTree = "<group>"; };
/* End PBXFileReference section */

/* Begin PBXFrameworksBuildPhase section */
		90196C391EDC2A8000566D14 /* Frameworks */ = {
			isa = PBXFrameworksBuildPhase;
			buildActionMask = 2147483647;
			files = (
			);
			runOnlyForDeploymentPostprocessing = 0;
		};
/* End PBXFrameworksBuildPhase section */

/* Begin PBXGroup section */
		90196C331EDC2A8000566D14 = {
			isa = PBXGroup;
			children = (
				90196C3E1EDC2A8000566D14 /* localNotif */,
				90196C3D1EDC2A8000566D14 /* Products */,
			);
			sourceTree = "<group>";
		};
		90196C3D1EDC2A8000566D14 /* Products */ = {
			isa = PBXGroup;
			children = (
				90196C3C1EDC2A8000566D14 /* localNotif.app */,
			);
			name = Products;
			sourceTree = "<group>";
		};
		90196C3E1EDC2A8000566D14 /* localNotif */ = {
			isa = PBXGroup;
			children = (
				90196C3F1EDC2A8000566D14 /* AppDelegate.swift */,
				90196C411EDC2A8000566D14 /* ViewController.swift */,
				90196C431EDC2A8000566D14 /* Main.storyboard */,
				90196C461EDC2A8000566D14 /* Assets.xcassets */,
				90196C481EDC2A8000566D14 /* LaunchScreen.storyboard */,
				90196C4B1EDC2A8000566D14 /* Info.plist */,
			);
			path = localNotif;
			sourceTree = "<group>";
		};
/* End PBXGroup section */

/* Begin PBXNativeTarget section */
		90196C3B1EDC2A8000566D14 /* localNotif */ = {
			isa = PBXNativeTarget;
			buildConfigurationList = 90196C4E1EDC2A8000566D14 /* Build configuration list for PBXNativeTarget "localNotif" */;
			buildPhases = (
				90196C381EDC2A8000566D14 /* Sources */,
				90196C391EDC2A8000566D14 /* Frameworks */,
				90196C3A1EDC2A8000566D14 /* Resources */,
			);
			buildRules = (
			);
			dependencies = (
			);
			name = localNotif;
			productName = localNotif;
			productReference = 90196C3C1EDC2A8000566D14 /* localNotif.app */;
			productType = "com.apple.product-type.application";
		};
/* End PBXNativeTarget section */

/* Begin PBXProject section */
		90196C341EDC2A8000566D14 /* Project object */ = {
			isa = PBXProject;
			attributes = {
				LastSwiftUpdateCheck = 0830;
				LastUpgradeCheck = 0830;
				ORGANIZATIONNAME = "Andrii Halabuda";
				TargetAttributes = {
					90196C3B1EDC2A8000566D14 = {
						CreatedOnToolsVersion = 8.3.2;
						DevelopmentTeam = PTRW36GG78;
						ProvisioningStyle = Automatic;
					};
				};
			};
			buildConfigurationList = 90196C371EDC2A8000566D14 /* Build configuration list for PBXProject "localNotif" */;
			compatibilityVersion = "Xcode 3.2";
			developmentRegion = English;
			hasScannedForEncodings = 0;
			knownRegions = (
				en,
				Base,
			);
			mainGroup = 90196C331EDC2A8000566D14;
			productRefGroup = 90196C3D1EDC2A8000566D14 /* Products */;
			projectDirPath = "";
			projectRoot = "";
			targets = (
				90196C3B1EDC2A8000566D14 /* localNotif */,
			);
		};
/* End PBXProject section */

/* Begin PBXResourcesBuildPhase section */
		90196C3A1EDC2A8000566D14 /* Resources */ = {
			isa = PBXResourcesBuildPhase;
			buildActionMask = 2147483647;
			files = (
				90196C4A1EDC2A8000566D14 /* LaunchScreen.storyboard in Resources */,
				90196C471EDC2A8000566D14 /* Assets.xcassets in Resources */,
				90196C451EDC2A8000566D14 /* Main.storyboard in Resources */,
			);
			runOnlyForDeploymentPostprocessing = 0;
		};
/* End PBXResourcesBuildPhase section */

/* Begin PBXSourcesBuildPhase section */
		90196C381EDC2A8000566D14 /* Sources */ = {
			isa = PBXSourcesBuildPhase;
			buildActionMask = 2147483647;
			files = (
				90196C421EDC2A8000566D14 /* ViewController.swift in Sources */,
				90196C401EDC2A8000566D14 /* AppDelegate.swift in Sources */,
			);
			runOnlyForDeploymentPostprocessing = 0;
		};
/* End PBXSourcesBuildPhase section */

/* Begin PBXVariantGroup section */
		90196C431EDC2A8000566D14 /* Main.storyboard */ = {
			isa = PBXVariantGroup;
			children = (
				90196C441EDC2A8000566D14 /* Base */,
			);
			name = Main.storyboard;
			sourceTree = "<group>";
		};
		90196C481EDC2A8000566D14 /* LaunchScreen.storyboard */ = {
			isa = PBXVariantGroup;
			children = (
				90196C491EDC2A8000566D14 /* Base */,
			);
			name = LaunchScreen.storyboard;
			sourceTree = "<group>";
		};
/* End PBXVariantGroup section */

/* Begin XCBuildConfiguration section */
		90196C4C1EDC2A8000566D14 /* Debug */ = {
			isa = XCBuildConfiguration;
			buildSettings = {
				ALWAYS_SEARCH_USER_PATHS = NO;
				CLANG_ANALYZER_NONNULL = YES;
				CLANG_ANALYZER_NUMBER_OBJECT_CONVERSION = YES_AGGRESSIVE;
				CLANG_CXX_LANGUAGE_STANDARD = "gnu++0x";
				CLANG_CXX_LIBRARY = "libc++";
				CLANG_ENABLE_MODULES = YES;
				CLANG_ENABLE_OBJC_ARC = YES;
				CLANG_WARN_BOOL_CONVERSION = YES;
				CLANG_WARN_CONSTANT_CONVERSION = YES;
				CLANG_WARN_DIRECT_OBJC_ISA_USAGE = YES_ERROR;
				CLANG_WARN_DOCUMENTATION_COMMENTS = YES;
				CLANG_WARN_EMPTY_BODY = YES;
				CLANG_WARN_ENUM_CONVERSION = YES;
				CLANG_WARN_INFINITE_RECURSION = YES;
				CLANG_WARN_INT_CONVERSION = YES;
				CLANG_WARN_OBJC_ROOT_CLASS = YES_ERROR;
				CLANG_WARN_SUSPICIOUS_MOVE = YES;
				CLANG_WARN_UNREACHABLE_CODE = YES;
				CLANG_WARN__DUPLICATE_METHOD_MATCH = YES;
				"CODE_SIGN_IDENTITY[sdk=iphoneos*]" = "iPhone Developer";
				COPY_PHASE_STRIP = NO;
				DEBUG_INFORMATION_FORMAT = dwarf;
				ENABLE_STRICT_OBJC_MSGSEND = YES;
				ENABLE_TESTABILITY = YES;
				GCC_C_LANGUAGE_STANDARD = gnu99;
				GCC_DYNAMIC_NO_PIC = NO;
				GCC_NO_COMMON_BLOCKS = YES;
				GCC_OPTIMIZATION_LEVEL = 0;
				GCC_PREPROCESSOR_DEFINITIONS = (
					"DEBUG=1",
					"$(inherited)",
				);
				GCC_WARN_64_TO_32_BIT_CONVERSION = YES;
				GCC_WARN_ABOUT_RETURN_TYPE = YES_ERROR;
				GCC_WARN_UNDECLARED_SELECTOR = YES;
				GCC_WARN_UNINITIALIZED_AUTOS = YES_AGGRESSIVE;
				GCC_WARN_UNUSED_FUNCTION = YES;
				GCC_WARN_UNUSED_VARIABLE = YES;
				IPHONEOS_DEPLOYMENT_TARGET = 10.3;
				MTL_ENABLE_DEBUG_INFO = YES;
				ONLY_ACTIVE_ARCH = YES;
				SDKROOT = iphoneos;
				SWIFT_ACTIVE_COMPILATION_CONDITIONS = DEBUG;
				SWIFT_OPTIMIZATION_LEVEL = "-Onone";
			};
			name = Debug;
		};
		90196C4D1EDC2A8000566D14 /* Release */ = {
			isa = XCBuildConfiguration;
			buildSettings = {
				ALWAYS_SEARCH_USER_PATHS = NO;
				CLANG_ANALYZER_NONNULL = YES;
				CLANG_ANALYZER_NUMBER_OBJECT_CONVERSION = YES_AGGRESSIVE;
				CLANG_CXX_LANGUAGE_STANDARD = "gnu++0x";
				CLANG_CXX_LIBRARY = "libc++";
				CLANG_ENABLE_MODULES = YES;
				CLANG_ENABLE_OBJC_ARC = YES;
				CLANG_WARN_BOOL_CONVERSION = YES;
				CLANG_WARN_CONSTANT_CONVERSION = YES;
				CLANG_WARN_DIRECT_OBJC_ISA_USAGE = YES_ERROR;
				CLANG_WARN_DOCUMENTATION_COMMENTS = YES;
				CLANG_WARN_EMPTY_BODY = YES;
				CLANG_WARN_ENUM_CONVERSION = YES;
				CLANG_WARN_INFINITE_RECURSION = YES;
				CLANG_WARN_INT_CONVERSION = YES;
				CLANG_WARN_OBJC_ROOT_CLASS = YES_ERROR;
				CLANG_WARN_SUSPICIOUS_MOVE = YES;
				CLANG_WARN_UNREACHABLE_CODE = YES;
				CLANG_WARN__DUPLICATE_METHOD_MATCH = YES;
				"CODE_SIGN_IDENTITY[sdk=iphoneos*]" = "iPhone Developer";
				COPY_PHASE_STRIP = NO;
				DEBUG_INFORMATION_FORMAT = "dwarf-with-dsym";
				ENABLE_NS_ASSERTIONS = NO;
				ENABLE_STRICT_OBJC_MSGSEND = YES;
				GCC_C_LANGUAGE_STANDARD = gnu99;
				GCC_NO_COMMON_BLOCKS = YES;
				GCC_WARN_64_TO_32_BIT_CONVERSION = YES;
				GCC_WARN_ABOUT_RETURN_TYPE = YES_ERROR;
				GCC_WARN_UNDECLARED_SELECTOR = YES;
				GCC_WARN_UNINITIALIZED_AUTOS = YES_AGGRESSIVE;
				GCC_WARN_UNUSED_FUNCTION = YES;
				GCC_WARN_UNUSED_VARIABLE = YES;
				IPHONEOS_DEPLOYMENT_TARGET = 10.3;
				MTL_ENABLE_DEBUG_INFO = NO;
				SDKROOT = iphoneos;
				SWIFT_OPTIMIZATION_LEVEL = "-Owholemodule";
				VALIDATE_PRODUCT = YES;
			};
			name = Release;
		};
		90196C4F1EDC2A8000566D14 /* Debug */ = {
			isa = XCBuildConfiguration;
			buildSettings = {
				ASSETCATALOG_COMPILER_APPICON_NAME = AppIcon;
				DEVELOPMENT_TEAM = PTRW36GG78;
				INFOPLIST_FILE = localNotif/Info.plist;
				LD_RUNPATH_SEARCH_PATHS = "$(inherited) @executable_path/Frameworks";
				PRODUCT_BUNDLE_IDENTIFIER = com.losAngelesBoy.localNotif;
				PRODUCT_NAME = "$(TARGET_NAME)";
				SWIFT_VERSION = 3.0;
			};
			name = Debug;
		};
		90196C501EDC2A8000566D14 /* Release */ = {
			isa = XCBuildConfiguration;
			buildSettings = {
				ASSETCATALOG_COMPILER_APPICON_NAME = AppIcon;
				DEVELOPMENT_TEAM = PTRW36GG78;
				INFOPLIST_FILE = localNotif/Info.plist;
				LD_RUNPATH_SEARCH_PATHS = "$(inherited) @executable_path/Frameworks";
				PRODUCT_BUNDLE_IDENTIFIER = com.losAngelesBoy.localNotif;
				PRODUCT_NAME = "$(TARGET_NAME)";
				SWIFT_VERSION = 3.0;
			};
			name = Release;
		};
/* End XCBuildConfiguration section */

/* Begin XCConfigurationList section */
		90196C371EDC2A8000566D14 /* Build configuration list for PBXProject "localNotif" */ = {
			isa = XCConfigurationList;
			buildConfigurations = (
				90196C4C1EDC2A8000566D14 /* Debug */,
				90196C4D1EDC2A8000566D14 /* Release */,
			);
			defaultConfigurationIsVisible = 0;
			defaultConfigurationName = Release;
		};
		90196C4E1EDC2A8000566D14 /* Build configuration list for PBXNativeTarget "localNotif" */ = {
			isa = XCConfigurationList;
			buildConfigurations = (
				90196C4F1EDC2A8000566D14 /* Debug */,
				90196C501EDC2A8000566D14 /* Release */,
			);
			defaultConfigurationIsVisible = 0;
		};
/* End XCConfigurationList section */
	};
	rootObject = 90196C341EDC2A8000566D14 /* Project object */;
}
